
Microsoft Visual Studio Solution File, Format Version 12.00
# Visual Studio Version 16
VisualStudioVersion = 16.0.31702.278
MinimumVisualStudioVersion = 10.0.40219.1
Project("{9A19103F-16F7-4668-BE54-9A1E7A4F7556}") = "NumberTriangleMaxPathSumFinder", "NumberTriangleMaxPathSumFinder\NumberTriangleMaxPathSumFinder.csproj", "{4908E0E5-F13E-4025-B220-4607025378A5}"
EndProject
Project("{FAE04EC0-301F-11D3-BF4B-00C04F79EFBC}") = "NumberTriangleMaxPathSumFinder.Tests", "NumberTriangleMaxPathSumFinder.Tests\NumberTriangleMaxPathSumFinder.Tests.csproj", "{4D70D1D3-7E38-4AE6-897C-FA09B30014F1}"
EndProject
Global
	GlobalSection(SolutionConfigurationPlatforms) = preSolution
		Debug|Any CPU = Debug|Any CPU
		Release|Any CPU = Release|Any CPU
	EndGlobalSection
	GlobalSection(ProjectConfigurationPlatforms) = postSolution
		{4908E0E5-F13E-4025-B220-4607025378A5}.Debug|Any CPU.ActiveCfg = Debug|Any CPU
		{4908E0E5-F13E-4025-B220-4607025378A5}.Debug|Any CPU.Build.0 = Debug|Any CPU
		{4908E0E5-F13E-4025-B220-4607025378A5}.Release|Any CPU.ActiveCfg = Release|Any CPU
		{4908E0E5-F13E-4025-B220-4607025378A5}.Release|Any CPU.Build.0 = Release|Any CPU
		{4D70D1D3-7E38-4AE6-897C-FA09B30014F1}.Debug|Any CPU.ActiveCfg = Debug|Any CPU
		{4D70D1D3-7E38-4AE6-897C-FA09B30014F1}.Debug|Any CPU.Build.0 = Debug|Any CPU
		{4D70D1D3-7E38-4AE6-897C-FA09B30014F1}.Release|Any CPU.ActiveCfg = Release|Any CPU
		{4D70D1D3-7E38-4AE6-897C-FA09B30014F1}.Release|Any CPU.Build.0 = Release|Any CPU
	EndGlobalSection
	GlobalSection(SolutionProperties) = preSolution
		HideSolutionNode = FALSE
	EndGlobalSection
	GlobalSection(ExtensibilityGlobals) = postSolution
		SolutionGuid = {4B83DDF7-461A-4195-8C15-EB27699F5774}
	EndGlobalSection
EndGlobal
